
Microsoft Visual Studio Solution File, Format Version 12.00
# Visual Studio 15
VisualStudioVersion = 15.0.28307.421
MinimumVisualStudioVersion = 10.0.40219.1
Project("{FAE04EC0-301F-11D3-BF4B-00C04F79EFBC}") = "Task 1 (Full)", "Task 1 (Full).csproj", "{9B3142E1-992A-41EE-A547-BE28F01C760F}"
EndProject
Global
	GlobalSection(SolutionConfigurationPlatforms) = preSolution
		Debug|Any CPU = Debug|Any CPU
		Release|Any CPU = Release|Any CPU
	EndGlobalSection
	GlobalSection(ProjectConfigurationPlatforms) = postSolution
		{9B3142E1-992A-41EE-A547-BE28F01C760F}.Debug|Any CPU.ActiveCfg = Debug|Any CPU
		{9B3142E1-992A-41EE-A547-BE28F01C760F}.Debug|Any CPU.Build.0 = Debug|Any CPU
		{9B3142E1-992A-41EE-A547-BE28F01C760F}.Release|Any CPU.ActiveCfg = Release|Any CPU
		{9B3142E1-992A-41EE-A547-BE28F01C760F}.Release|Any CPU.Build.0 = Release|Any CPU
	EndGlobalSection
	GlobalSection(SolutionProperties) = preSolution
		HideSolutionNode = FALSE
	EndGlobalSection
	GlobalSection(ExtensibilityGlobals) = postSolution
		SolutionGuid = {57137B4E-55DB-4A1B-A03D-EF12FA68C087}
	EndGlobalSection
EndGlobal
