
Microsoft Visual Studio Solution File, Format Version 12.00
# Visual Studio 15
VisualStudioVersion = 15.0.28307.421
MinimumVisualStudioVersion = 10.0.40219.1
Project("{FAE04EC0-301F-11D3-BF4B-00C04F79EFBC}") = "Task 1", "Task 1\Task 1.csproj", "{F9DC9DD9-56DE-416C-817C-BD0BBA1E8646}"
EndProject
Project("{FAE04EC0-301F-11D3-BF4B-00C04F79EFBC}") = "Task 2", "Task 2\Task 2.csproj", "{EA110986-3A34-4AF2-9B55-C219E42BDC4E}"
EndProject
Global
	GlobalSection(SolutionConfigurationPlatforms) = preSolution
		Debug|Any CPU = Debug|Any CPU
		Release|Any CPU = Release|Any CPU
	EndGlobalSection
	GlobalSection(ProjectConfigurationPlatforms) = postSolution
		{F9DC9DD9-56DE-416C-817C-BD0BBA1E8646}.Debug|Any CPU.ActiveCfg = Debug|Any CPU
		{F9DC9DD9-56DE-416C-817C-BD0BBA1E8646}.Debug|Any CPU.Build.0 = Debug|Any CPU
		{F9DC9DD9-56DE-416C-817C-BD0BBA1E8646}.Release|Any CPU.ActiveCfg = Release|Any CPU
		{F9DC9DD9-56DE-416C-817C-BD0BBA1E8646}.Release|Any CPU.Build.0 = Release|Any CPU
		{EA110986-3A34-4AF2-9B55-C219E42BDC4E}.Debug|Any CPU.ActiveCfg = Debug|Any CPU
		{EA110986-3A34-4AF2-9B55-C219E42BDC4E}.Debug|Any CPU.Build.0 = Debug|Any CPU
		{EA110986-3A34-4AF2-9B55-C219E42BDC4E}.Release|Any CPU.ActiveCfg = Release|Any CPU
		{EA110986-3A34-4AF2-9B55-C219E42BDC4E}.Release|Any CPU.Build.0 = Release|Any CPU
	EndGlobalSection
	GlobalSection(SolutionProperties) = preSolution
		HideSolutionNode = FALSE
	EndGlobalSection
	GlobalSection(ExtensibilityGlobals) = postSolution
		SolutionGuid = {ED74D1C8-36C1-4B99-B070-52F32599705F}
	EndGlobalSection
EndGlobal
